
Microsoft Visual Studio Solution File, Format Version 12.00
# Visual Studio 15
VisualStudioVersion = 15.0.26124.0
MinimumVisualStudioVersion = 15.0.26124.0
Project("{9A19103F-16F7-4668-BE54-9A1E7A4F7556}") = "DayOne", "DayOne\DayOne.csproj", "{EED78AB6-8A66-4FC3-AC61-DDC041707E8E}"
EndProject
Project("{9A19103F-16F7-4668-BE54-9A1E7A4F7556}") = "DayTwo", "DayTwo\DayTwo.csproj", "{B8165927-FA1D-4C53-861F-D5E4ABE3FA3D}"
EndProject
Project("{9A19103F-16F7-4668-BE54-9A1E7A4F7556}") = "DayThree", "DayThree\DayThree.csproj", "{B153DBF6-FD30-4081-91A8-EA98650EE8C2}"
EndProject
Project("{9A19103F-16F7-4668-BE54-9A1E7A4F7556}") = "DayFour", "DayFour\DayFour.csproj", "{2659DCB6-5D6F-4C18-AAE4-36334E2D1344}"
EndProject
Project("{9A19103F-16F7-4668-BE54-9A1E7A4F7556}") = "DayFive", "DayFive\DayFive.csproj", "{B95D41A0-3470-4B1B-BE9C-C9B243CB42FE}"
EndProject
Project("{9A19103F-16F7-4668-BE54-9A1E7A4F7556}") = "DaySix", "DaySix\DaySix.csproj", "{1AC14C8E-0B09-4CA2-BAA2-65D4E1FA16AB}"
EndProject
Project("{9A19103F-16F7-4668-BE54-9A1E7A4F7556}") = "DaySeven", "DaySeven\DaySeven.csproj", "{597FE5BB-3EF2-4FF0-901A-3B10E4224813}"
EndProject
Project("{FAE04EC0-301F-11D3-BF4B-00C04F79EFBC}") = "DayEight", "DayEight\DayEight.csproj", "{E30DCF14-8E26-4D89-8AE1-CACDAE18512D}"
EndProject
Project("{FAE04EC0-301F-11D3-BF4B-00C04F79EFBC}") = "DayNine", "DayNine\DayNine.csproj", "{ECE3F542-D03A-4E1E-A175-926D0AEC8C2E}"
EndProject
Project("{FAE04EC0-301F-11D3-BF4B-00C04F79EFBC}") = "AdventOfCode.Core", "AdventOfCode.Core\AdventOfCode.Core.csproj", "{2F2B6158-F1C1-4DAE-BDA4-759F270F6837}"
EndProject
Global
	GlobalSection(SolutionConfigurationPlatforms) = preSolution
		Debug|Any CPU = Debug|Any CPU
		Debug|x64 = Debug|x64
		Debug|x86 = Debug|x86
		Release|Any CPU = Release|Any CPU
		Release|x64 = Release|x64
		Release|x86 = Release|x86
	EndGlobalSection
	GlobalSection(ProjectConfigurationPlatforms) = postSolution
		{EED78AB6-8A66-4FC3-AC61-DDC041707E8E}.Debug|Any CPU.ActiveCfg = Debug|Any CPU
		{EED78AB6-8A66-4FC3-AC61-DDC041707E8E}.Debug|Any CPU.Build.0 = Debug|Any CPU
		{EED78AB6-8A66-4FC3-AC61-DDC041707E8E}.Debug|x64.ActiveCfg = Debug|Any CPU
		{EED78AB6-8A66-4FC3-AC61-DDC041707E8E}.Debug|x64.Build.0 = Debug|Any CPU
		{EED78AB6-8A66-4FC3-AC61-DDC041707E8E}.Debug|x86.ActiveCfg = Debug|Any CPU
		{EED78AB6-8A66-4FC3-AC61-DDC041707E8E}.Debug|x86.Build.0 = Debug|Any CPU
		{EED78AB6-8A66-4FC3-AC61-DDC041707E8E}.Release|Any CPU.ActiveCfg = Release|Any CPU
		{EED78AB6-8A66-4FC3-AC61-DDC041707E8E}.Release|Any CPU.Build.0 = Release|Any CPU
		{EED78AB6-8A66-4FC3-AC61-DDC041707E8E}.Release|x64.ActiveCfg = Release|Any CPU
		{EED78AB6-8A66-4FC3-AC61-DDC041707E8E}.Release|x64.Build.0 = Release|Any CPU
		{EED78AB6-8A66-4FC3-AC61-DDC041707E8E}.Release|x86.ActiveCfg = Release|Any CPU
		{EED78AB6-8A66-4FC3-AC61-DDC041707E8E}.Release|x86.Build.0 = Release|Any CPU
		{B8165927-FA1D-4C53-861F-D5E4ABE3FA3D}.Debug|Any CPU.ActiveCfg = Debug|Any CPU
		{B8165927-FA1D-4C53-861F-D5E4ABE3FA3D}.Debug|Any CPU.Build.0 = Debug|Any CPU
		{B8165927-FA1D-4C53-861F-D5E4ABE3FA3D}.Debug|x64.ActiveCfg = Debug|Any CPU
		{B8165927-FA1D-4C53-861F-D5E4ABE3FA3D}.Debug|x64.Build.0 = Debug|Any CPU
		{B8165927-FA1D-4C53-861F-D5E4ABE3FA3D}.Debug|x86.ActiveCfg = Debug|Any CPU
		{B8165927-FA1D-4C53-861F-D5E4ABE3FA3D}.Debug|x86.Build.0 = Debug|Any CPU
		{B8165927-FA1D-4C53-861F-D5E4ABE3FA3D}.Release|Any CPU.ActiveCfg = Release|Any CPU
		{B8165927-FA1D-4C53-861F-D5E4ABE3FA3D}.Release|Any CPU.Build.0 = Release|Any CPU
		{B8165927-FA1D-4C53-861F-D5E4ABE3FA3D}.Release|x64.ActiveCfg = Release|Any CPU
		{B8165927-FA1D-4C53-861F-D5E4ABE3FA3D}.Release|x64.Build.0 = Release|Any CPU
		{B8165927-FA1D-4C53-861F-D5E4ABE3FA3D}.Release|x86.ActiveCfg = Release|Any CPU
		{B8165927-FA1D-4C53-861F-D5E4ABE3FA3D}.Release|x86.Build.0 = Release|Any CPU
		{B153DBF6-FD30-4081-91A8-EA98650EE8C2}.Debug|Any CPU.ActiveCfg = Debug|Any CPU
		{B153DBF6-FD30-4081-91A8-EA98650EE8C2}.Debug|Any CPU.Build.0 = Debug|Any CPU
		{B153DBF6-FD30-4081-91A8-EA98650EE8C2}.Debug|x64.ActiveCfg = Debug|Any CPU
		{B153DBF6-FD30-4081-91A8-EA98650EE8C2}.Debug|x64.Build.0 = Debug|Any CPU
		{B153DBF6-FD30-4081-91A8-EA98650EE8C2}.Debug|x86.ActiveCfg = Debug|Any CPU
		{B153DBF6-FD30-4081-91A8-EA98650EE8C2}.Debug|x86.Build.0 = Debug|Any CPU
		{B153DBF6-FD30-4081-91A8-EA98650EE8C2}.Release|Any CPU.ActiveCfg = Release|Any CPU
		{B153DBF6-FD30-4081-91A8-EA98650EE8C2}.Release|Any CPU.Build.0 = Release|Any CPU
		{B153DBF6-FD30-4081-91A8-EA98650EE8C2}.Release|x64.ActiveCfg = Release|Any CPU
		{B153DBF6-FD30-4081-91A8-EA98650EE8C2}.Release|x64.Build.0 = Release|Any CPU
		{B153DBF6-FD30-4081-91A8-EA98650EE8C2}.Release|x86.ActiveCfg = Release|Any CPU
		{B153DBF6-FD30-4081-91A8-EA98650EE8C2}.Release|x86.Build.0 = Release|Any CPU
		{2659DCB6-5D6F-4C18-AAE4-36334E2D1344}.Debug|Any CPU.ActiveCfg = Debug|Any CPU
		{2659DCB6-5D6F-4C18-AAE4-36334E2D1344}.Debug|Any CPU.Build.0 = Debug|Any CPU
		{2659DCB6-5D6F-4C18-AAE4-36334E2D1344}.Debug|x64.ActiveCfg = Debug|Any CPU
		{2659DCB6-5D6F-4C18-AAE4-36334E2D1344}.Debug|x64.Build.0 = Debug|Any CPU
		{2659DCB6-5D6F-4C18-AAE4-36334E2D1344}.Debug|x86.ActiveCfg = Debug|Any CPU
		{2659DCB6-5D6F-4C18-AAE4-36334E2D1344}.Debug|x86.Build.0 = Debug|Any CPU
		{2659DCB6-5D6F-4C18-AAE4-36334E2D1344}.Release|Any CPU.ActiveCfg = Release|Any CPU
		{2659DCB6-5D6F-4C18-AAE4-36334E2D1344}.Release|Any CPU.Build.0 = Release|Any CPU
		{2659DCB6-5D6F-4C18-AAE4-36334E2D1344}.Release|x64.ActiveCfg = Release|Any CPU
		{2659DCB6-5D6F-4C18-AAE4-36334E2D1344}.Release|x64.Build.0 = Release|Any CPU
		{2659DCB6-5D6F-4C18-AAE4-36334E2D1344}.Release|x86.ActiveCfg = Release|Any CPU
		{2659DCB6-5D6F-4C18-AAE4-36334E2D1344}.Release|x86.Build.0 = Release|Any CPU
		{B95D41A0-3470-4B1B-BE9C-C9B243CB42FE}.Debug|Any CPU.ActiveCfg = Debug|Any CPU
		{B95D41A0-3470-4B1B-BE9C-C9B243CB42FE}.Debug|Any CPU.Build.0 = Debug|Any CPU
		{B95D41A0-3470-4B1B-BE9C-C9B243CB42FE}.Debug|x64.ActiveCfg = Debug|Any CPU
		{B95D41A0-3470-4B1B-BE9C-C9B243CB42FE}.Debug|x64.Build.0 = Debug|Any CPU
		{B95D41A0-3470-4B1B-BE9C-C9B243CB42FE}.Debug|x86.ActiveCfg = Debug|Any CPU
		{B95D41A0-3470-4B1B-BE9C-C9B243CB42FE}.Debug|x86.Build.0 = Debug|Any CPU
		{B95D41A0-3470-4B1B-BE9C-C9B243CB42FE}.Release|Any CPU.ActiveCfg = Release|Any CPU
		{B95D41A0-3470-4B1B-BE9C-C9B243CB42FE}.Release|Any CPU.Build.0 = Release|Any CPU
		{B95D41A0-3470-4B1B-BE9C-C9B243CB42FE}.Release|x64.ActiveCfg = Release|Any CPU
		{B95D41A0-3470-4B1B-BE9C-C9B243CB42FE}.Release|x64.Build.0 = Release|Any CPU
		{B95D41A0-3470-4B1B-BE9C-C9B243CB42FE}.Release|x86.ActiveCfg = Release|Any CPU
		{B95D41A0-3470-4B1B-BE9C-C9B243CB42FE}.Release|x86.Build.0 = Release|Any CPU
		{1AC14C8E-0B09-4CA2-BAA2-65D4E1FA16AB}.Debug|Any CPU.ActiveCfg = Debug|Any CPU
		{1AC14C8E-0B09-4CA2-BAA2-65D4E1FA16AB}.Debug|Any CPU.Build.0 = Debug|Any CPU
		{1AC14C8E-0B09-4CA2-BAA2-65D4E1FA16AB}.Debug|x64.ActiveCfg = Debug|Any CPU
		{1AC14C8E-0B09-4CA2-BAA2-65D4E1FA16AB}.Debug|x64.Build.0 = Debug|Any CPU
		{1AC14C8E-0B09-4CA2-BAA2-65D4E1FA16AB}.Debug|x86.ActiveCfg = Debug|Any CPU
		{1AC14C8E-0B09-4CA2-BAA2-65D4E1FA16AB}.Debug|x86.Build.0 = Debug|Any CPU
		{1AC14C8E-0B09-4CA2-BAA2-65D4E1FA16AB}.Release|Any CPU.ActiveCfg = Release|Any CPU
		{1AC14C8E-0B09-4CA2-BAA2-65D4E1FA16AB}.Release|Any CPU.Build.0 = Release|Any CPU
		{1AC14C8E-0B09-4CA2-BAA2-65D4E1FA16AB}.Release|x64.ActiveCfg = Release|Any CPU
		{1AC14C8E-0B09-4CA2-BAA2-65D4E1FA16AB}.Release|x64.Build.0 = Release|Any CPU
		{1AC14C8E-0B09-4CA2-BAA2-65D4E1FA16AB}.Release|x86.ActiveCfg = Release|Any CPU
		{1AC14C8E-0B09-4CA2-BAA2-65D4E1FA16AB}.Release|x86.Build.0 = Release|Any CPU
		{597FE5BB-3EF2-4FF0-901A-3B10E4224813}.Debug|Any CPU.ActiveCfg = Debug|Any CPU
		{597FE5BB-3EF2-4FF0-901A-3B10E4224813}.Debug|Any CPU.Build.0 = Debug|Any CPU
		{597FE5BB-3EF2-4FF0-901A-3B10E4224813}.Debug|x64.ActiveCfg = Debug|Any CPU
		{597FE5BB-3EF2-4FF0-901A-3B10E4224813}.Debug|x64.Build.0 = Debug|Any CPU
		{597FE5BB-3EF2-4FF0-901A-3B10E4224813}.Debug|x86.ActiveCfg = Debug|Any CPU
		{597FE5BB-3EF2-4FF0-901A-3B10E4224813}.Debug|x86.Build.0 = Debug|Any CPU
		{597FE5BB-3EF2-4FF0-901A-3B10E4224813}.Release|Any CPU.ActiveCfg = Release|Any CPU
		{597FE5BB-3EF2-4FF0-901A-3B10E4224813}.Release|Any CPU.Build.0 = Release|Any CPU
		{597FE5BB-3EF2-4FF0-901A-3B10E4224813}.Release|x64.ActiveCfg = Release|Any CPU
		{597FE5BB-3EF2-4FF0-901A-3B10E4224813}.Release|x64.Build.0 = Release|Any CPU
		{597FE5BB-3EF2-4FF0-901A-3B10E4224813}.Release|x86.ActiveCfg = Release|Any CPU
		{597FE5BB-3EF2-4FF0-901A-3B10E4224813}.Release|x86.Build.0 = Release|Any CPU
		{E30DCF14-8E26-4D89-8AE1-CACDAE18512D}.Debug|Any CPU.ActiveCfg = Debug|Any CPU
		{E30DCF14-8E26-4D89-8AE1-CACDAE18512D}.Debug|Any CPU.Build.0 = Debug|Any CPU
		{E30DCF14-8E26-4D89-8AE1-CACDAE18512D}.Debug|x64.ActiveCfg = Debug|Any CPU
		{E30DCF14-8E26-4D89-8AE1-CACDAE18512D}.Debug|x64.Build.0 = Debug|Any CPU
		{E30DCF14-8E26-4D89-8AE1-CACDAE18512D}.Debug|x86.ActiveCfg = Debug|Any CPU
		{E30DCF14-8E26-4D89-8AE1-CACDAE18512D}.Debug|x86.Build.0 = Debug|Any CPU
		{E30DCF14-8E26-4D89-8AE1-CACDAE18512D}.Release|Any CPU.ActiveCfg = Release|Any CPU
		{E30DCF14-8E26-4D89-8AE1-CACDAE18512D}.Release|Any CPU.Build.0 = Release|Any CPU
		{E30DCF14-8E26-4D89-8AE1-CACDAE18512D}.Release|x64.ActiveCfg = Release|Any CPU
		{E30DCF14-8E26-4D89-8AE1-CACDAE18512D}.Release|x64.Build.0 = Release|Any CPU
		{E30DCF14-8E26-4D89-8AE1-CACDAE18512D}.Release|x86.ActiveCfg = Release|Any CPU
		{E30DCF14-8E26-4D89-8AE1-CACDAE18512D}.Release|x86.Build.0 = Release|Any CPU
		{ECE3F542-D03A-4E1E-A175-926D0AEC8C2E}.Debug|Any CPU.ActiveCfg = Debug|Any CPU
		{ECE3F542-D03A-4E1E-A175-926D0AEC8C2E}.Debug|Any CPU.Build.0 = Debug|Any CPU
		{ECE3F542-D03A-4E1E-A175-926D0AEC8C2E}.Debug|x64.ActiveCfg = Debug|Any CPU
		{ECE3F542-D03A-4E1E-A175-926D0AEC8C2E}.Debug|x64.Build.0 = Debug|Any CPU
		{ECE3F542-D03A-4E1E-A175-926D0AEC8C2E}.Debug|x86.ActiveCfg = Debug|Any CPU
		{ECE3F542-D03A-4E1E-A175-926D0AEC8C2E}.Debug|x86.Build.0 = Debug|Any CPU
		{ECE3F542-D03A-4E1E-A175-926D0AEC8C2E}.Release|Any CPU.ActiveCfg = Release|Any CPU
		{ECE3F542-D03A-4E1E-A175-926D0AEC8C2E}.Release|Any CPU.Build.0 = Release|Any CPU
		{ECE3F542-D03A-4E1E-A175-926D0AEC8C2E}.Release|x64.ActiveCfg = Release|Any CPU
		{ECE3F542-D03A-4E1E-A175-926D0AEC8C2E}.Release|x64.Build.0 = Release|Any CPU
		{ECE3F542-D03A-4E1E-A175-926D0AEC8C2E}.Release|x86.ActiveCfg = Release|Any CPU
		{ECE3F542-D03A-4E1E-A175-926D0AEC8C2E}.Release|x86.Build.0 = Release|Any CPU
		{2F2B6158-F1C1-4DAE-BDA4-759F270F6837}.Debug|Any CPU.ActiveCfg = Debug|Any CPU
		{2F2B6158-F1C1-4DAE-BDA4-759F270F6837}.Debug|Any CPU.Build.0 = Debug|Any CPU
		{2F2B6158-F1C1-4DAE-BDA4-759F270F6837}.Debug|x64.ActiveCfg = Debug|Any CPU
		{2F2B6158-F1C1-4DAE-BDA4-759F270F6837}.Debug|x64.Build.0 = Debug|Any CPU
		{2F2B6158-F1C1-4DAE-BDA4-759F270F6837}.Debug|x86.ActiveCfg = Debug|Any CPU
		{2F2B6158-F1C1-4DAE-BDA4-759F270F6837}.Debug|x86.Build.0 = Debug|Any CPU
		{2F2B6158-F1C1-4DAE-BDA4-759F270F6837}.Release|Any CPU.ActiveCfg = Release|Any CPU
		{2F2B6158-F1C1-4DAE-BDA4-759F270F6837}.Release|Any CPU.Build.0 = Release|Any CPU
		{2F2B6158-F1C1-4DAE-BDA4-759F270F6837}.Release|x64.ActiveCfg = Release|Any CPU
		{2F2B6158-F1C1-4DAE-BDA4-759F270F6837}.Release|x64.Build.0 = Release|Any CPU
		{2F2B6158-F1C1-4DAE-BDA4-759F270F6837}.Release|x86.ActiveCfg = Release|Any CPU
		{2F2B6158-F1C1-4DAE-BDA4-759F270F6837}.Release|x86.Build.0 = Release|Any CPU
	EndGlobalSection
	GlobalSection(SolutionProperties) = preSolution
		HideSolutionNode = FALSE
	EndGlobalSection
	GlobalSection(ExtensibilityGlobals) = postSolution
		SolutionGuid = {200CCAD8-9652-4358-B720-E2A52EDB7CBE}
	EndGlobalSection
EndGlobal
